// !$*UTF8*$!
{
	archiveVersion = 1;
	classes = {
	};
	objectVersion = 56;
	objects = {

/* Begin PBXBuildFile section */
		853ECECE292E3E91004A0423 /* AppDelegate.swift in Sources */ = {isa = PBXBuildFile; fileRef = 853ECECD292E3E91004A0423 /* AppDelegate.swift */; };
		853ECED0292E3E91004A0423 /* SceneDelegate.swift in Sources */ = {isa = PBXBuildFile; fileRef = 853ECECF292E3E91004A0423 /* SceneDelegate.swift */; };
		853ECED2292E3E91004A0423 /* ViewController.swift in Sources */ = {isa = PBXBuildFile; fileRef = 853ECED1292E3E91004A0423 /* ViewController.swift */; };
		853ECED7292E3E93004A0423 /* Assets.xcassets in Resources */ = {isa = PBXBuildFile; fileRef = 853ECED6292E3E93004A0423 /* Assets.xcassets */; };
		853ECEDA292E3E93004A0423 /* LaunchScreen.storyboard in Resources */ = {isa = PBXBuildFile; fileRef = 853ECED8292E3E93004A0423 /* LaunchScreen.storyboard */; };
		853ECEE5292E3E94004A0423 /* ScreenshotExampleTests.swift in Sources */ = {isa = PBXBuildFile; fileRef = 853ECEE4292E3E94004A0423 /* ScreenshotExampleTests.swift */; };
		952B8A788C7EB23AE131CC5B /* Pods_ScreenshotExampleTests.framework in Frameworks */ = {isa = PBXBuildFile; fileRef = 54EE8B0CD2FFCB184C3B5A23 /* Pods_ScreenshotExampleTests.framework */; };
		D70F4AB1DAD5445DB016E755 /* Pods_ScreenshotExample.framework in Frameworks */ = {isa = PBXBuildFile; fileRef = 65DACFC973ADBF18A61DE770 /* Pods_ScreenshotExample.framework */; };
/* End PBXBuildFile section */

/* Begin PBXContainerItemProxy section */
		853ECEE1292E3E94004A0423 /* PBXContainerItemProxy */ = {
			isa = PBXContainerItemProxy;
			containerPortal = 853ECEC2292E3E90004A0423 /* Project object */;
			proxyType = 1;
			remoteGlobalIDString = 853ECEC9292E3E91004A0423;
			remoteInfo = ScreenshotExample;
		};
/* End PBXContainerItemProxy section */

/* Begin PBXFileReference section */
		1DC4CC4AD11C7F67B931AD6E /* Pods-ScreenshotExample.debug.xcconfig */ = {isa = PBXFileReference; includeInIndex = 1; lastKnownFileType = text.xcconfig; name = "Pods-ScreenshotExample.debug.xcconfig"; path = "Target Support Files/Pods-ScreenshotExample/Pods-ScreenshotExample.debug.xcconfig"; sourceTree = "<group>"; };
		31FF3532A9CED5EFAB2324BD /* Pods_ScreenshotExample_ScreenshotExampleUITests.framework */ = {isa = PBXFileReference; explicitFileType = wrapper.framework; includeInIndex = 0; path = Pods_ScreenshotExample_ScreenshotExampleUITests.framework; sourceTree = BUILT_PRODUCTS_DIR; };
		54EE8B0CD2FFCB184C3B5A23 /* Pods_ScreenshotExampleTests.framework */ = {isa = PBXFileReference; explicitFileType = wrapper.framework; includeInIndex = 0; path = Pods_ScreenshotExampleTests.framework; sourceTree = BUILT_PRODUCTS_DIR; };
		65DACFC973ADBF18A61DE770 /* Pods_ScreenshotExample.framework */ = {isa = PBXFileReference; explicitFileType = wrapper.framework; includeInIndex = 0; path = Pods_ScreenshotExample.framework; sourceTree = BUILT_PRODUCTS_DIR; };
		853ECECA292E3E91004A0423 /* ScreenshotExample.app */ = {isa = PBXFileReference; explicitFileType = wrapper.application; includeInIndex = 0; path = ScreenshotExample.app; sourceTree = BUILT_PRODUCTS_DIR; };
		853ECECD292E3E91004A0423 /* AppDelegate.swift */ = {isa = PBXFileReference; lastKnownFileType = sourcecode.swift; path = AppDelegate.swift; sourceTree = "<group>"; };
		853ECECF292E3E91004A0423 /* SceneDelegate.swift */ = {isa = PBXFileReference; lastKnownFileType = sourcecode.swift; path = SceneDelegate.swift; sourceTree = "<group>"; };
		853ECED1292E3E91004A0423 /* ViewController.swift */ = {isa = PBXFileReference; lastKnownFileType = sourcecode.swift; path = ViewController.swift; sourceTree = "<group>"; };
		853ECED6292E3E93004A0423 /* Assets.xcassets */ = {isa = PBXFileReference; lastKnownFileType = folder.assetcatalog; path = Assets.xcassets; sourceTree = "<group>"; };
		853ECED9292E3E93004A0423 /* Base */ = {isa = PBXFileReference; lastKnownFileType = file.storyboard; name = Base; path = Base.lproj/LaunchScreen.storyboard; sourceTree = "<group>"; };
		853ECEDB292E3E93004A0423 /* Info.plist */ = {isa = PBXFileReference; lastKnownFileType = text.plist.xml; path = Info.plist; sourceTree = "<group>"; };
		853ECEE0292E3E94004A0423 /* ScreenshotExampleTests.xctest */ = {isa = PBXFileReference; explicitFileType = wrapper.cfbundle; includeInIndex = 0; path = ScreenshotExampleTests.xctest; sourceTree = BUILT_PRODUCTS_DIR; };
		853ECEE4292E3E94004A0423 /* ScreenshotExampleTests.swift */ = {isa = PBXFileReference; lastKnownFileType = sourcecode.swift; path = ScreenshotExampleTests.swift; sourceTree = "<group>"; };
		97AC7697A51CCF42CC8D0AE3 /* Pods-ScreenshotExample-ScreenshotExampleUITests.debug.xcconfig */ = {isa = PBXFileReference; includeInIndex = 1; lastKnownFileType = text.xcconfig; name = "Pods-ScreenshotExample-ScreenshotExampleUITests.debug.xcconfig"; path = "Target Support Files/Pods-ScreenshotExample-ScreenshotExampleUITests/Pods-ScreenshotExample-ScreenshotExampleUITests.debug.xcconfig"; sourceTree = "<group>"; };
		ABBD104B9A2F7422301C7CC0 /* Pods-ScreenshotExampleTests.debug.xcconfig */ = {isa = PBXFileReference; includeInIndex = 1; lastKnownFileType = text.xcconfig; name = "Pods-ScreenshotExampleTests.debug.xcconfig"; path = "Target Support Files/Pods-ScreenshotExampleTests/Pods-ScreenshotExampleTests.debug.xcconfig"; sourceTree = "<group>"; };
		AD5976AE803894DA0B11D401 /* Pods-ScreenshotExample.release.xcconfig */ = {isa = PBXFileReference; includeInIndex = 1; lastKnownFileType = text.xcconfig; name = "Pods-ScreenshotExample.release.xcconfig"; path = "Target Support Files/Pods-ScreenshotExample/Pods-ScreenshotExample.release.xcconfig"; sourceTree = "<group>"; };
		BB98D58435D9020E452CAF52 /* Pods-ScreenshotExample-ScreenshotExampleUITests.release.xcconfig */ = {isa = PBXFileReference; includeInIndex = 1; lastKnownFileType = text.xcconfig; name = "Pods-ScreenshotExample-ScreenshotExampleUITests.release.xcconfig"; path = "Target Support Files/Pods-ScreenshotExample-ScreenshotExampleUITests/Pods-ScreenshotExample-ScreenshotExampleUITests.release.xcconfig"; sourceTree = "<group>"; };
		FE7D3C97F91DED039C9598A7 /* Pods-ScreenshotExampleTests.release.xcconfig */ = {isa = PBXFileReference; includeInIndex = 1; lastKnownFileType = text.xcconfig; name = "Pods-ScreenshotExampleTests.release.xcconfig"; path = "Target Support Files/Pods-ScreenshotExampleTests/Pods-ScreenshotExampleTests.release.xcconfig"; sourceTree = "<group>"; };
/* End PBXFileReference section */

/* Begin PBXFrameworksBuildPhase section */
		853ECEC7292E3E91004A0423 /* Frameworks */ = {
			isa = PBXFrameworksBuildPhase;
			buildActionMask = 2147483647;
			files = (
				D70F4AB1DAD5445DB016E755 /* Pods_ScreenshotExample.framework in Frameworks */,
			);
			runOnlyForDeploymentPostprocessing = 0;
		};
		853ECEDD292E3E94004A0423 /* Frameworks */ = {
			isa = PBXFrameworksBuildPhase;
			buildActionMask = 2147483647;
			files = (
				952B8A788C7EB23AE131CC5B /* Pods_ScreenshotExampleTests.framework in Frameworks */,
			);
			runOnlyForDeploymentPostprocessing = 0;
		};
/* End PBXFrameworksBuildPhase section */

/* Begin PBXGroup section */
		2BFA7BA9462086F1B493947F /* Frameworks */ = {
			isa = PBXGroup;
			children = (
				65DACFC973ADBF18A61DE770 /* Pods_ScreenshotExample.framework */,
				31FF3532A9CED5EFAB2324BD /* Pods_ScreenshotExample_ScreenshotExampleUITests.framework */,
				54EE8B0CD2FFCB184C3B5A23 /* Pods_ScreenshotExampleTests.framework */,
			);
			name = Frameworks;
			sourceTree = "<group>";
		};
		853ECEC1292E3E90004A0423 = {
			isa = PBXGroup;
			children = (
				853ECECC292E3E91004A0423 /* ScreenshotExample */,
				853ECEE3292E3E94004A0423 /* ScreenshotExampleTests */,
				853ECECB292E3E91004A0423 /* Products */,
				CD4F06BA9E394D06CE7EE3D1 /* Pods */,
				2BFA7BA9462086F1B493947F /* Frameworks */,
			);
			sourceTree = "<group>";
		};
		853ECECB292E3E91004A0423 /* Products */ = {
			isa = PBXGroup;
			children = (
				853ECECA292E3E91004A0423 /* ScreenshotExample.app */,
				853ECEE0292E3E94004A0423 /* ScreenshotExampleTests.xctest */,
			);
			name = Products;
			sourceTree = "<group>";
		};
		853ECECC292E3E91004A0423 /* ScreenshotExample */ = {
			isa = PBXGroup;
			children = (
				853ECECD292E3E91004A0423 /* AppDelegate.swift */,
				853ECECF292E3E91004A0423 /* SceneDelegate.swift */,
				853ECED1292E3E91004A0423 /* ViewController.swift */,
				853ECED6292E3E93004A0423 /* Assets.xcassets */,
				853ECED8292E3E93004A0423 /* LaunchScreen.storyboard */,
				853ECEDB292E3E93004A0423 /* Info.plist */,
			);
			path = ScreenshotExample;
			sourceTree = "<group>";
		};
		853ECEE3292E3E94004A0423 /* ScreenshotExampleTests */ = {
			isa = PBXGroup;
			children = (
				853ECEE4292E3E94004A0423 /* ScreenshotExampleTests.swift */,
			);
			path = ScreenshotExampleTests;
			sourceTree = "<group>";
		};
		CD4F06BA9E394D06CE7EE3D1 /* Pods */ = {
			isa = PBXGroup;
			children = (
				1DC4CC4AD11C7F67B931AD6E /* Pods-ScreenshotExample.debug.xcconfig */,
				AD5976AE803894DA0B11D401 /* Pods-ScreenshotExample.release.xcconfig */,
				97AC7697A51CCF42CC8D0AE3 /* Pods-ScreenshotExample-ScreenshotExampleUITests.debug.xcconfig */,
				BB98D58435D9020E452CAF52 /* Pods-ScreenshotExample-ScreenshotExampleUITests.release.xcconfig */,
				ABBD104B9A2F7422301C7CC0 /* Pods-ScreenshotExampleTests.debug.xcconfig */,
				FE7D3C97F91DED039C9598A7 /* Pods-ScreenshotExampleTests.release.xcconfig */,
			);
			path = Pods;
			sourceTree = "<group>";
		};
/* End PBXGroup section */

/* Begin PBXNativeTarget section */
		853ECEC9292E3E91004A0423 /* ScreenshotExample */ = {
			isa = PBXNativeTarget;
			buildConfigurationList = 853ECEF4292E3E94004A0423 /* Build configuration list for PBXNativeTarget "ScreenshotExample" */;
			buildPhases = (
				D8924F4BBD0591F0E1B12001 /* [CP] Check Pods Manifest.lock */,
				853ECEC6292E3E91004A0423 /* Sources */,
				853ECEC7292E3E91004A0423 /* Frameworks */,
				853ECEC8292E3E91004A0423 /* Resources */,
			);
			buildRules = (
			);
			dependencies = (
			);
			name = ScreenshotExample;
			productName = ScreenshotExample;
			productReference = 853ECECA292E3E91004A0423 /* ScreenshotExample.app */;
			productType = "com.apple.product-type.application";
		};
		853ECEDF292E3E94004A0423 /* ScreenshotExampleTests */ = {
			isa = PBXNativeTarget;
			buildConfigurationList = 853ECEF7292E3E94004A0423 /* Build configuration list for PBXNativeTarget "ScreenshotExampleTests" */;
			buildPhases = (
				37B2CFBB8E7C80C019AEA34B /* [CP] Check Pods Manifest.lock */,
				853ECEDC292E3E94004A0423 /* Sources */,
				853ECEDD292E3E94004A0423 /* Frameworks */,
				853ECEDE292E3E94004A0423 /* Resources */,
				8C4488FEEF11E26AC468B397 /* [CP] Embed Pods Frameworks */,
			);
			buildRules = (
			);
			dependencies = (
				853ECEE2292E3E94004A0423 /* PBXTargetDependency */,
			);
			name = ScreenshotExampleTests;
			productName = ScreenshotExampleTests;
			productReference = 853ECEE0292E3E94004A0423 /* ScreenshotExampleTests.xctest */;
			productType = "com.apple.product-type.bundle.unit-test";
		};
/* End PBXNativeTarget section */

/* Begin PBXProject section */
		853ECEC2292E3E90004A0423 /* Project object */ = {
			isa = PBXProject;
			attributes = {
				BuildIndependentTargetsInParallel = 1;
				LastSwiftUpdateCheck = 1400;
				LastUpgradeCheck = 1400;
				TargetAttributes = {
					853ECEC9292E3E91004A0423 = {
						CreatedOnToolsVersion = 14.0.1;
					};
					853ECEDF292E3E94004A0423 = {
						CreatedOnToolsVersion = 14.0.1;
						TestTargetID = 853ECEC9292E3E91004A0423;
					};
				};
			};
			buildConfigurationList = 853ECEC5292E3E90004A0423 /* Build configuration list for PBXProject "ScreenshotExample" */;
			compatibilityVersion = "Xcode 14.0";
			developmentRegion = en;
			hasScannedForEncodings = 0;
			knownRegions = (
				en,
				Base,
			);
			mainGroup = 853ECEC1292E3E90004A0423;
			productRefGroup = 853ECECB292E3E91004A0423 /* Products */;
			projectDirPath = "";
			projectRoot = "";
			targets = (
				853ECEC9292E3E91004A0423 /* ScreenshotExample */,
				853ECEDF292E3E94004A0423 /* ScreenshotExampleTests */,
			);
		};
/* End PBXProject section */

/* Begin PBXResourcesBuildPhase section */
		853ECEC8292E3E91004A0423 /* Resources */ = {
			isa = PBXResourcesBuildPhase;
			buildActionMask = 2147483647;
			files = (
				853ECEDA292E3E93004A0423 /* LaunchScreen.storyboard in Resources */,
				853ECED7292E3E93004A0423 /* Assets.xcassets in Resources */,
			);
			runOnlyForDeploymentPostprocessing = 0;
		};
		853ECEDE292E3E94004A0423 /* Resources */ = {
			isa = PBXResourcesBuildPhase;
			buildActionMask = 2147483647;
			files = (
			);
			runOnlyForDeploymentPostprocessing = 0;
		};
/* End PBXResourcesBuildPhase section */

/* Begin PBXShellScriptBuildPhase section */
		37B2CFBB8E7C80C019AEA34B /* [CP] Check Pods Manifest.lock */ = {
			isa = PBXShellScriptBuildPhase;
			buildActionMask = 2147483647;
			files = (
			);
			inputFileListPaths = (
			);
			inputPaths = (
				"${PODS_PODFILE_DIR_PATH}/Podfile.lock",
				"${PODS_ROOT}/Manifest.lock",
			);
			name = "[CP] Check Pods Manifest.lock";
			outputFileListPaths = (
			);
			outputPaths = (
				"$(DERIVED_FILE_DIR)/Pods-ScreenshotExampleTests-checkManifestLockResult.txt",
			);
			runOnlyForDeploymentPostprocessing = 0;
			shellPath = /bin/sh;
			shellScript = "diff \"${PODS_PODFILE_DIR_PATH}/Podfile.lock\" \"${PODS_ROOT}/Manifest.lock\" > /dev/null\nif [ $? != 0 ] ; then\n    # print error to STDERR\n    echo \"error: The sandbox is not in sync with the Podfile.lock. Run 'pod install' or update your CocoaPods installation.\" >&2\n    exit 1\nfi\n# This output is used by Xcode 'outputs' to avoid re-running this script phase.\necho \"SUCCESS\" > \"${SCRIPT_OUTPUT_FILE_0}\"\n";
			showEnvVarsInLog = 0;
		};
		8C4488FEEF11E26AC468B397 /* [CP] Embed Pods Frameworks */ = {
			isa = PBXShellScriptBuildPhase;
			buildActionMask = 2147483647;
			files = (
			);
			inputFileListPaths = (
				"${PODS_ROOT}/Target Support Files/Pods-ScreenshotExampleTests/Pods-ScreenshotExampleTests-frameworks-${CONFIGURATION}-input-files.xcfilelist",
			);
			name = "[CP] Embed Pods Frameworks";
			outputFileListPaths = (
				"${PODS_ROOT}/Target Support Files/Pods-ScreenshotExampleTests/Pods-ScreenshotExampleTests-frameworks-${CONFIGURATION}-output-files.xcfilelist",
			);
			runOnlyForDeploymentPostprocessing = 0;
			shellPath = /bin/sh;
			shellScript = "\"${PODS_ROOT}/Target Support Files/Pods-ScreenshotExampleTests/Pods-ScreenshotExampleTests-frameworks.sh\"\n";
			showEnvVarsInLog = 0;
		};
		D8924F4BBD0591F0E1B12001 /* [CP] Check Pods Manifest.lock */ = {
			isa = PBXShellScriptBuildPhase;
			buildActionMask = 2147483647;
			files = (
			);
			inputFileListPaths = (
			);
			inputPaths = (
				"${PODS_PODFILE_DIR_PATH}/Podfile.lock",
				"${PODS_ROOT}/Manifest.lock",
			);
			name = "[CP] Check Pods Manifest.lock";
			outputFileListPaths = (
			);
			outputPaths = (
				"$(DERIVED_FILE_DIR)/Pods-ScreenshotExample-checkManifestLockResult.txt",
			);
			runOnlyForDeploymentPostprocessing = 0;
			shellPath = /bin/sh;
			shellScript = "diff \"${PODS_PODFILE_DIR_PATH}/Podfile.lock\" \"${PODS_ROOT}/Manifest.lock\" > /dev/null\nif [ $? != 0 ] ; then\n    # print error to STDERR\n    echo \"error: The sandbox is not in sync with the Podfile.lock. Run 'pod install' or update your CocoaPods installation.\" >&2\n    exit 1\nfi\n# This output is used by Xcode 'outputs' to avoid re-running this script phase.\necho \"SUCCESS\" > \"${SCRIPT_OUTPUT_FILE_0}\"\n";
			showEnvVarsInLog = 0;
		};
/* End PBXShellScriptBuildPhase section */

/* Begin PBXSourcesBuildPhase section */
		853ECEC6292E3E91004A0423 /* Sources */ = {
			isa = PBXSourcesBuildPhase;
			buildActionMask = 2147483647;
			files = (
				853ECED2292E3E91004A0423 /* ViewController.swift in Sources */,
				853ECECE292E3E91004A0423 /* AppDelegate.swift in Sources */,
				853ECED0292E3E91004A0423 /* SceneDelegate.swift in Sources */,
			);
			runOnlyForDeploymentPostprocessing = 0;
		};
		853ECEDC292E3E94004A0423 /* Sources */ = {
			isa = PBXSourcesBuildPhase;
			buildActionMask = 2147483647;
			files = (
				853ECEE5292E3E94004A0423 /* ScreenshotExampleTests.swift in Sources */,
			);
			runOnlyForDeploymentPostprocessing = 0;
		};
/* End PBXSourcesBuildPhase section */

/* Begin PBXTargetDependency section */
		853ECEE2292E3E94004A0423 /* PBXTargetDependency */ = {
			isa = PBXTargetDependency;
			target = 853ECEC9292E3E91004A0423 /* ScreenshotExample */;
			targetProxy = 853ECEE1292E3E94004A0423 /* PBXContainerItemProxy */;
		};
/* End PBXTargetDependency section */

/* Begin PBXVariantGroup section */
		853ECED8292E3E93004A0423 /* LaunchScreen.storyboard */ = {
			isa = PBXVariantGroup;
			children = (
				853ECED9292E3E93004A0423 /* Base */,
			);
			name = LaunchScreen.storyboard;
			sourceTree = "<group>";
		};
/* End PBXVariantGroup section */

/* Begin XCBuildConfiguration section */
		853ECEF2292E3E94004A0423 /* Debug */ = {
			isa = XCBuildConfiguration;
			buildSettings = {
				ALWAYS_SEARCH_USER_PATHS = NO;
				CLANG_ANALYZER_NONNULL = YES;
				CLANG_ANALYZER_NUMBER_OBJECT_CONVERSION = YES_AGGRESSIVE;
				CLANG_CXX_LANGUAGE_STANDARD = "gnu++20";
				CLANG_ENABLE_MODULES = YES;
				CLANG_ENABLE_OBJC_ARC = YES;
				CLANG_ENABLE_OBJC_WEAK = YES;
				CLANG_WARN_BLOCK_CAPTURE_AUTORELEASING = YES;
				CLANG_WARN_BOOL_CONVERSION = YES;
				CLANG_WARN_COMMA = YES;
				CLANG_WARN_CONSTANT_CONVERSION = YES;
				CLANG_WARN_DEPRECATED_OBJC_IMPLEMENTATIONS = YES;
				CLANG_WARN_DIRECT_OBJC_ISA_USAGE = YES_ERROR;
				CLANG_WARN_DOCUMENTATION_COMMENTS = YES;
				CLANG_WARN_EMPTY_BODY = YES;
				CLANG_WARN_ENUM_CONVERSION = YES;
				CLANG_WARN_INFINITE_RECURSION = YES;
				CLANG_WARN_INT_CONVERSION = YES;
				CLANG_WARN_NON_LITERAL_NULL_CONVERSION = YES;
				CLANG_WARN_OBJC_IMPLICIT_RETAIN_SELF = YES;
				CLANG_WARN_OBJC_LITERAL_CONVERSION = YES;
				CLANG_WARN_OBJC_ROOT_CLASS = YES_ERROR;
				CLANG_WARN_QUOTED_INCLUDE_IN_FRAMEWORK_HEADER = YES;
				CLANG_WARN_RANGE_LOOP_ANALYSIS = YES;
				CLANG_WARN_STRICT_PROTOTYPES = YES;
				CLANG_WARN_SUSPICIOUS_MOVE = YES;
				CLANG_WARN_UNGUARDED_AVAILABILITY = YES_AGGRESSIVE;
				CLANG_WARN_UNREACHABLE_CODE = YES;
				CLANG_WARN__DUPLICATE_METHOD_MATCH = YES;
				COPY_PHASE_STRIP = NO;
				DEBUG_INFORMATION_FORMAT = dwarf;
				ENABLE_STRICT_OBJC_MSGSEND = YES;
				ENABLE_TESTABILITY = YES;
				GCC_C_LANGUAGE_STANDARD = gnu11;
				GCC_DYNAMIC_NO_PIC = NO;
				GCC_NO_COMMON_BLOCKS = YES;
				GCC_OPTIMIZATION_LEVEL = 0;
				GCC_PREPROCESSOR_DEFINITIONS = (
					"DEBUG=1",
					"$(inherited)",
				);
				GCC_WARN_64_TO_32_BIT_CONVERSION = YES;
				GCC_WARN_ABOUT_RETURN_TYPE = YES_ERROR;
				GCC_WARN_UNDECLARED_SELECTOR = YES;
				GCC_WARN_UNINITIALIZED_AUTOS = YES_AGGRESSIVE;
				GCC_WARN_UNUSED_FUNCTION = YES;
				GCC_WARN_UNUSED_VARIABLE = YES;
				IPHONEOS_DEPLOYMENT_TARGET = 16.0;
				MTL_ENABLE_DEBUG_INFO = INCLUDE_SOURCE;
				MTL_FAST_MATH = YES;
				ONLY_ACTIVE_ARCH = YES;
				SDKROOT = iphoneos;
				SWIFT_ACTIVE_COMPILATION_CONDITIONS = DEBUG;
				SWIFT_OPTIMIZATION_LEVEL = "-Onone";
			};
			name = Debug;
		};
		853ECEF3292E3E94004A0423 /* Release */ = {
			isa = XCBuildConfiguration;
			buildSettings = {
				ALWAYS_SEARCH_USER_PATHS = NO;
				CLANG_ANALYZER_NONNULL = YES;
				CLANG_ANALYZER_NUMBER_OBJECT_CONVERSION = YES_AGGRESSIVE;
				CLANG_CXX_LANGUAGE_STANDARD = "gnu++20";
				CLANG_ENABLE_MODULES = YES;
				CLANG_ENABLE_OBJC_ARC = YES;
				CLANG_ENABLE_OBJC_WEAK = YES;
				CLANG_WARN_BLOCK_CAPTURE_AUTORELEASING = YES;
				CLANG_WARN_BOOL_CONVERSION = YES;
				CLANG_WARN_COMMA = YES;
				CLANG_WARN_CONSTANT_CONVERSION = YES;
				CLANG_WARN_DEPRECATED_OBJC_IMPLEMENTATIONS = YES;
				CLANG_WARN_DIRECT_OBJC_ISA_USAGE = YES_ERROR;
				CLANG_WARN_DOCUMENTATION_COMMENTS = YES;
				CLANG_WARN_EMPTY_BODY = YES;
				CLANG_WARN_ENUM_CONVERSION = YES;
				CLANG_WARN_INFINITE_RECURSION = YES;
				CLANG_WARN_INT_CONVERSION = YES;
				CLANG_WARN_NON_LITERAL_NULL_CONVERSION = YES;
				CLANG_WARN_OBJC_IMPLICIT_RETAIN_SELF = YES;
				CLANG_WARN_OBJC_LITERAL_CONVERSION = YES;
				CLANG_WARN_OBJC_ROOT_CLASS = YES_ERROR;
				CLANG_WARN_QUOTED_INCLUDE_IN_FRAMEWORK_HEADER = YES;
				CLANG_WARN_RANGE_LOOP_ANALYSIS = YES;
				CLANG_WARN_STRICT_PROTOTYPES = YES;
				CLANG_WARN_SUSPICIOUS_MOVE = YES;
				CLANG_WARN_UNGUARDED_AVAILABILITY = YES_AGGRESSIVE;
				CLANG_WARN_UNREACHABLE_CODE = YES;
				CLANG_WARN__DUPLICATE_METHOD_MATCH = YES;
				COPY_PHASE_STRIP = NO;
				DEBUG_INFORMATION_FORMAT = "dwarf-with-dsym";
				ENABLE_NS_ASSERTIONS = NO;
				ENABLE_STRICT_OBJC_MSGSEND = YES;
				GCC_C_LANGUAGE_STANDARD = gnu11;
				GCC_NO_COMMON_BLOCKS = YES;
				GCC_WARN_64_TO_32_BIT_CONVERSION = YES;
				GCC_WARN_ABOUT_RETURN_TYPE = YES_ERROR;
				GCC_WARN_UNDECLARED_SELECTOR = YES;
				GCC_WARN_UNINITIALIZED_AUTOS = YES_AGGRESSIVE;
				GCC_WARN_UNUSED_FUNCTION = YES;
				GCC_WARN_UNUSED_VARIABLE = YES;
				IPHONEOS_DEPLOYMENT_TARGET = 16.0;
				MTL_ENABLE_DEBUG_INFO = NO;
				MTL_FAST_MATH = YES;
				SDKROOT = iphoneos;
				SWIFT_COMPILATION_MODE = wholemodule;
				SWIFT_OPTIMIZATION_LEVEL = "-O";
				VALIDATE_PRODUCT = YES;
			};
			name = Release;
		};
		853ECEF5292E3E94004A0423 /* Debug */ = {
			isa = XCBuildConfiguration;
			baseConfigurationReference = 1DC4CC4AD11C7F67B931AD6E /* Pods-ScreenshotExample.debug.xcconfig */;
			buildSettings = {
				ASSETCATALOG_COMPILER_APPICON_NAME = AppIcon;
				ASSETCATALOG_COMPILER_GLOBAL_ACCENT_COLOR_NAME = AccentColor;
				CODE_SIGN_STYLE = Automatic;
				CURRENT_PROJECT_VERSION = 1;
				DEVELOPMENT_TEAM = J3NUW62C79;
				GENERATE_INFOPLIST_FILE = YES;
				INFOPLIST_FILE = ScreenshotExample/Info.plist;
				INFOPLIST_KEY_UIApplicationSupportsIndirectInputEvents = YES;
				INFOPLIST_KEY_UILaunchStoryboardName = LaunchScreen;
				INFOPLIST_KEY_UISupportedInterfaceOrientations_iPad = "UIInterfaceOrientationPortrait UIInterfaceOrientationPortraitUpsideDown UIInterfaceOrientationLandscapeLeft UIInterfaceOrientationLandscapeRight";
				INFOPLIST_KEY_UISupportedInterfaceOrientations_iPhone = "UIInterfaceOrientationPortrait UIInterfaceOrientationLandscapeLeft UIInterfaceOrientationLandscapeRight";
				IPHONEOS_DEPLOYMENT_TARGET = 16.0;
				LD_RUNPATH_SEARCH_PATHS = (
					"$(inherited)",
					"@executable_path/Frameworks",
				);
				MARKETING_VERSION = 1.0;
				PRODUCT_BUNDLE_IDENTIFIER = com.daanvdw.ScreenshotExample;
				PRODUCT_NAME = "$(TARGET_NAME)";
				SWIFT_EMIT_LOC_STRINGS = YES;
				SWIFT_VERSION = 5.0;
				TARGETED_DEVICE_FAMILY = "1,2";
			};
			name = Debug;
		};
		853ECEF6292E3E94004A0423 /* Release */ = {
			isa = XCBuildConfiguration;
			baseConfigurationReference = AD5976AE803894DA0B11D401 /* Pods-ScreenshotExample.release.xcconfig */;
			buildSettings = {
				ASSETCATALOG_COMPILER_APPICON_NAME = AppIcon;
				ASSETCATALOG_COMPILER_GLOBAL_ACCENT_COLOR_NAME = AccentColor;
				CODE_SIGN_STYLE = Automatic;
				CURRENT_PROJECT_VERSION = 1;
				DEVELOPMENT_TEAM = J3NUW62C79;
				GENERATE_INFOPLIST_FILE = YES;
				INFOPLIST_FILE = ScreenshotExample/Info.plist;
				INFOPLIST_KEY_UIApplicationSupportsIndirectInputEvents = YES;
				INFOPLIST_KEY_UILaunchStoryboardName = LaunchScreen;
				INFOPLIST_KEY_UISupportedInterfaceOrientations_iPad = "UIInterfaceOrientationPortrait UIInterfaceOrientationPortraitUpsideDown UIInterfaceOrientationLandscapeLeft UIInterfaceOrientationLandscapeRight";
				INFOPLIST_KEY_UISupportedInterfaceOrientations_iPhone = "UIInterfaceOrientationPortrait UIInterfaceOrientationLandscapeLeft UIInterfaceOrientationLandscapeRight";
				IPHONEOS_DEPLOYMENT_TARGET = 16.0;
				LD_RUNPATH_SEARCH_PATHS = (
					"$(inherited)",
					"@executable_path/Frameworks",
				);
				MARKETING_VERSION = 1.0;
				PRODUCT_BUNDLE_IDENTIFIER = com.daanvdw.ScreenshotExample;
				PRODUCT_NAME = "$(TARGET_NAME)";
				SWIFT_EMIT_LOC_STRINGS = YES;
				SWIFT_VERSION = 5.0;
				TARGETED_DEVICE_FAMILY = "1,2";
			};
			name = Release;
		};
		853ECEF8292E3E94004A0423 /* Debug */ = {
			isa = XCBuildConfiguration;
			baseConfigurationReference = ABBD104B9A2F7422301C7CC0 /* Pods-ScreenshotExampleTests.debug.xcconfig */;
			buildSettings = {
				ALWAYS_EMBED_SWIFT_STANDARD_LIBRARIES = YES;
				BUNDLE_LOADER = "$(TEST_HOST)";
				CODE_SIGN_STYLE = Automatic;
				CURRENT_PROJECT_VERSION = 1;
				DEVELOPMENT_TEAM = J3NUW62C79;
				GENERATE_INFOPLIST_FILE = YES;
				IPHONEOS_DEPLOYMENT_TARGET = 16.0;
				MARKETING_VERSION = 1.0;
				PRODUCT_BUNDLE_IDENTIFIER = com.daanvdw.ScreenshotExampleTests;
				PRODUCT_NAME = "$(TARGET_NAME)";
				SWIFT_EMIT_LOC_STRINGS = NO;
				SWIFT_VERSION = 5.0;
				TARGETED_DEVICE_FAMILY = "1,2";
				TEST_HOST = "$(BUILT_PRODUCTS_DIR)/ScreenshotExample.app/$(BUNDLE_EXECUTABLE_FOLDER_PATH)/ScreenshotExample";
			};
			name = Debug;
		};
		853ECEF9292E3E94004A0423 /* Release */ = {
			isa = XCBuildConfiguration;
			baseConfigurationReference = FE7D3C97F91DED039C9598A7 /* Pods-ScreenshotExampleTests.release.xcconfig */;
			buildSettings = {
				ALWAYS_EMBED_SWIFT_STANDARD_LIBRARIES = YES;
				BUNDLE_LOADER = "$(TEST_HOST)";
				CODE_SIGN_STYLE = Automatic;
				CURRENT_PROJECT_VERSION = 1;
				DEVELOPMENT_TEAM = J3NUW62C79;
				GENERATE_INFOPLIST_FILE = YES;
				IPHONEOS_DEPLOYMENT_TARGET = 16.0;
				MARKETING_VERSION = 1.0;
				PRODUCT_BUNDLE_IDENTIFIER = com.daanvdw.ScreenshotExampleTests;
				PRODUCT_NAME = "$(TARGET_NAME)";
				SWIFT_EMIT_LOC_STRINGS = NO;
				SWIFT_VERSION = 5.0;
				TARGETED_DEVICE_FAMILY = "1,2";
				TEST_HOST = "$(BUILT_PRODUCTS_DIR)/ScreenshotExample.app/$(BUNDLE_EXECUTABLE_FOLDER_PATH)/ScreenshotExample";
			};
			name = Release;
		};
/* End XCBuildConfiguration section */

/* Begin XCConfigurationList section */
		853ECEC5292E3E90004A0423 /* Build configuration list for PBXProject "ScreenshotExample" */ = {
			isa = XCConfigurationList;
			buildConfigurations = (
				853ECEF2292E3E94004A0423 /* Debug */,
				853ECEF3292E3E94004A0423 /* Release */,
			);
			defaultConfigurationIsVisible = 0;
			defaultConfigurationName = Release;
		};
		853ECEF4292E3E94004A0423 /* Build configuration list for PBXNativeTarget "ScreenshotExample" */ = {
			isa = XCConfigurationList;
			buildConfigurations = (
				853ECEF5292E3E94004A0423 /* Debug */,
				853ECEF6292E3E94004A0423 /* Release */,
			);
			defaultConfigurationIsVisible = 0;
			defaultConfigurationName = Release;
		};
		853ECEF7292E3E94004A0423 /* Build configuration list for PBXNativeTarget "ScreenshotExampleTests" */ = {
			isa = XCConfigurationList;
			buildConfigurations = (
				853ECEF8292E3E94004A0423 /* Debug */,
				853ECEF9292E3E94004A0423 /* Release */,
			);
			defaultConfigurationIsVisible = 0;
			defaultConfigurationName = Release;
		};
/* End XCConfigurationList section */
	};
	rootObject = 853ECEC2292E3E90004A0423 /* Project object */;
}
